
Microsoft Visual Studio Solution File, Format Version 12.00
# Visual Studio Version 17
VisualStudioVersion = 17.13.35818.85
MinimumVisualStudioVersion = 10.0.40219.1
Project("{2150E333-8FDC-42A3-9474-1A3956D46DE8}") = "Çözüm Öğeleri", "Çözüm Öğeleri", "{AC80F682-3D55-C8F8-4895-A4A9EDD49434}"
	ProjectSection(SolutionItems) = preProject
		Notlar.txt = Notlar.txt
	EndProjectSection
EndProject
Project("{FAE04EC0-301F-11D3-BF4B-00C04F79EFBC}") = "Colosus.Entity", "Colosus.Entity\Colosus.Entity.csproj", "{7076F568-CCDC-4C6E-BEE1-DB2FCF2D44CA}"
EndProject
Project("{FAE04EC0-301F-11D3-BF4B-00C04F79EFBC}") = "Colosus.Operations", "Colosus.Operations\Colosus.Operations.csproj", "{E4F35653-C47E-484B-93A3-07CC329F1081}"
EndProject
Project("{2150E333-8FDC-42A3-9474-1A3956D46DE8}") = "1", "1", "{02EA681E-C7D8-13C7-8484-4AC65E1B71E8}"
EndProject
Project("{2150E333-8FDC-42A3-9474-1A3956D46DE8}") = "2", "2", "{4F9BA546-8755-4344-85FB-381436CD78DE}"
EndProject
Project("{2150E333-8FDC-42A3-9474-1A3956D46DE8}") = "3", "3", "{BD283D8C-685C-4540-BBE7-6036B98A3F46}"
EndProject
Project("{2150E333-8FDC-42A3-9474-1A3956D46DE8}") = "UserFaces", "UserFaces", "{6AD09095-13DE-4D03-9E05-38361FD3D139}"
EndProject
Project("{FAE04EC0-301F-11D3-BF4B-00C04F79EFBC}") = "Colosus.Sql.MSSql", "Colosus.MSSql\Colosus.Sql.MSSql.csproj", "{22888148-5F16-4690-9FE0-BADF288FC960}"
EndProject
Project("{FAE04EC0-301F-11D3-BF4B-00C04F79EFBC}") = "Colosus.Sql.Business", "Colosus.Sql.Business\Colosus.Sql.Business.csproj", "{B1BFE16F-0815-64EE-AD19-3FBD9F865F88}"
EndProject
Project("{FAE04EC0-301F-11D3-BF4B-00C04F79EFBC}") = "Colosus.Business", "Colosus.Business\Colosus.Business.csproj", "{0399F344-1252-40A5-99DB-7307DF879D63}"
EndProject
Project("{FAE04EC0-301F-11D3-BF4B-00C04F79EFBC}") = "Colosus.Sql.Entity", "Colosus.Sql.Entity\Colosus.Sql.Entity.csproj", "{7AB01DDD-88FC-4A95-9327-0D882280B9CE}"
EndProject
Project("{FAE04EC0-301F-11D3-BF4B-00C04F79EFBC}") = "Colosus.Server", "Colosus\Server\Colosus.Server.csproj", "{DD15F784-567A-4EC0-9140-CABF75D6F6B9}"
EndProject
Project("{FAE04EC0-301F-11D3-BF4B-00C04F79EFBC}") = "Colosus.Client.Blazor", "Colosus\Client\Colosus.Client.Blazor.csproj", "{DEDB44FD-D4FE-45B2-BABC-65EA105CC628}"
EndProject
Project("{FAE04EC0-301F-11D3-BF4B-00C04F79EFBC}") = "Colosus.Sql.SQLite", "Colosus.Sql.SQLite\Colosus.Sql.SQLite.csproj", "{90C75BE9-E6B6-4500-908D-8EA18E18E97D}"
EndProject
Project("{54A90642-561A-4BB1-A94E-469ADEE60C69}") = "Colosus.Client.Angular", "Colosus.Client.Angular\Colosus.Client.Angular.esproj", "{A5FCA683-CA5D-4F5B-1223-2D0908124C7C}"
EndProject
Global
	GlobalSection(SolutionConfigurationPlatforms) = preSolution
		Debug|Any CPU = Debug|Any CPU
		Release|Any CPU = Release|Any CPU
	EndGlobalSection
	GlobalSection(ProjectConfigurationPlatforms) = postSolution
		{7076F568-CCDC-4C6E-BEE1-DB2FCF2D44CA}.Debug|Any CPU.ActiveCfg = Debug|Any CPU
		{7076F568-CCDC-4C6E-BEE1-DB2FCF2D44CA}.Debug|Any CPU.Build.0 = Debug|Any CPU
		{7076F568-CCDC-4C6E-BEE1-DB2FCF2D44CA}.Release|Any CPU.ActiveCfg = Release|Any CPU
		{7076F568-CCDC-4C6E-BEE1-DB2FCF2D44CA}.Release|Any CPU.Build.0 = Release|Any CPU
		{E4F35653-C47E-484B-93A3-07CC329F1081}.Debug|Any CPU.ActiveCfg = Debug|Any CPU
		{E4F35653-C47E-484B-93A3-07CC329F1081}.Debug|Any CPU.Build.0 = Debug|Any CPU
		{E4F35653-C47E-484B-93A3-07CC329F1081}.Release|Any CPU.ActiveCfg = Release|Any CPU
		{E4F35653-C47E-484B-93A3-07CC329F1081}.Release|Any CPU.Build.0 = Release|Any CPU
		{22888148-5F16-4690-9FE0-BADF288FC960}.Debug|Any CPU.ActiveCfg = Debug|Any CPU
		{22888148-5F16-4690-9FE0-BADF288FC960}.Debug|Any CPU.Build.0 = Debug|Any CPU
		{22888148-5F16-4690-9FE0-BADF288FC960}.Release|Any CPU.ActiveCfg = Release|Any CPU
		{22888148-5F16-4690-9FE0-BADF288FC960}.Release|Any CPU.Build.0 = Release|Any CPU
		{B1BFE16F-0815-64EE-AD19-3FBD9F865F88}.Debug|Any CPU.ActiveCfg = Debug|Any CPU
		{B1BFE16F-0815-64EE-AD19-3FBD9F865F88}.Debug|Any CPU.Build.0 = Debug|Any CPU
		{B1BFE16F-0815-64EE-AD19-3FBD9F865F88}.Release|Any CPU.ActiveCfg = Release|Any CPU
		{B1BFE16F-0815-64EE-AD19-3FBD9F865F88}.Release|Any CPU.Build.0 = Release|Any CPU
		{0399F344-1252-40A5-99DB-7307DF879D63}.Debug|Any CPU.ActiveCfg = Debug|Any CPU
		{0399F344-1252-40A5-99DB-7307DF879D63}.Debug|Any CPU.Build.0 = Debug|Any CPU
		{0399F344-1252-40A5-99DB-7307DF879D63}.Release|Any CPU.ActiveCfg = Release|Any CPU
		{0399F344-1252-40A5-99DB-7307DF879D63}.Release|Any CPU.Build.0 = Release|Any CPU
		{7AB01DDD-88FC-4A95-9327-0D882280B9CE}.Debug|Any CPU.ActiveCfg = Debug|Any CPU
		{7AB01DDD-88FC-4A95-9327-0D882280B9CE}.Debug|Any CPU.Build.0 = Debug|Any CPU
		{7AB01DDD-88FC-4A95-9327-0D882280B9CE}.Release|Any CPU.ActiveCfg = Release|Any CPU
		{7AB01DDD-88FC-4A95-9327-0D882280B9CE}.Release|Any CPU.Build.0 = Release|Any CPU
		{DD15F784-567A-4EC0-9140-CABF75D6F6B9}.Debug|Any CPU.ActiveCfg = Debug|Any CPU
		{DD15F784-567A-4EC0-9140-CABF75D6F6B9}.Debug|Any CPU.Build.0 = Debug|Any CPU
		{DD15F784-567A-4EC0-9140-CABF75D6F6B9}.Release|Any CPU.ActiveCfg = Release|Any CPU
		{DD15F784-567A-4EC0-9140-CABF75D6F6B9}.Release|Any CPU.Build.0 = Release|Any CPU
		{DEDB44FD-D4FE-45B2-BABC-65EA105CC628}.Debug|Any CPU.ActiveCfg = Debug|Any CPU
		{DEDB44FD-D4FE-45B2-BABC-65EA105CC628}.Debug|Any CPU.Build.0 = Debug|Any CPU
		{DEDB44FD-D4FE-45B2-BABC-65EA105CC628}.Release|Any CPU.ActiveCfg = Release|Any CPU
		{DEDB44FD-D4FE-45B2-BABC-65EA105CC628}.Release|Any CPU.Build.0 = Release|Any CPU
		{90C75BE9-E6B6-4500-908D-8EA18E18E97D}.Debug|Any CPU.ActiveCfg = Debug|Any CPU
		{90C75BE9-E6B6-4500-908D-8EA18E18E97D}.Debug|Any CPU.Build.0 = Debug|Any CPU
		{90C75BE9-E6B6-4500-908D-8EA18E18E97D}.Release|Any CPU.ActiveCfg = Release|Any CPU
		{90C75BE9-E6B6-4500-908D-8EA18E18E97D}.Release|Any CPU.Build.0 = Release|Any CPU
		{A5FCA683-CA5D-4F5B-1223-2D0908124C7C}.Debug|Any CPU.ActiveCfg = Debug|Any CPU
		{A5FCA683-CA5D-4F5B-1223-2D0908124C7C}.Debug|Any CPU.Build.0 = Debug|Any CPU
		{A5FCA683-CA5D-4F5B-1223-2D0908124C7C}.Debug|Any CPU.Deploy.0 = Debug|Any CPU
		{A5FCA683-CA5D-4F5B-1223-2D0908124C7C}.Release|Any CPU.ActiveCfg = Release|Any CPU
		{A5FCA683-CA5D-4F5B-1223-2D0908124C7C}.Release|Any CPU.Build.0 = Release|Any CPU
		{A5FCA683-CA5D-4F5B-1223-2D0908124C7C}.Release|Any CPU.Deploy.0 = Release|Any CPU
	EndGlobalSection
	GlobalSection(SolutionProperties) = preSolution
		HideSolutionNode = FALSE
	EndGlobalSection
	GlobalSection(NestedProjects) = preSolution
		{7076F568-CCDC-4C6E-BEE1-DB2FCF2D44CA} = {02EA681E-C7D8-13C7-8484-4AC65E1B71E8}
		{E4F35653-C47E-484B-93A3-07CC329F1081} = {4F9BA546-8755-4344-85FB-381436CD78DE}
		{02EA681E-C7D8-13C7-8484-4AC65E1B71E8} = {AC80F682-3D55-C8F8-4895-A4A9EDD49434}
		{4F9BA546-8755-4344-85FB-381436CD78DE} = {AC80F682-3D55-C8F8-4895-A4A9EDD49434}
		{BD283D8C-685C-4540-BBE7-6036B98A3F46} = {AC80F682-3D55-C8F8-4895-A4A9EDD49434}
		{6AD09095-13DE-4D03-9E05-38361FD3D139} = {AC80F682-3D55-C8F8-4895-A4A9EDD49434}
		{22888148-5F16-4690-9FE0-BADF288FC960} = {4F9BA546-8755-4344-85FB-381436CD78DE}
		{B1BFE16F-0815-64EE-AD19-3FBD9F865F88} = {4F9BA546-8755-4344-85FB-381436CD78DE}
		{0399F344-1252-40A5-99DB-7307DF879D63} = {BD283D8C-685C-4540-BBE7-6036B98A3F46}
		{7AB01DDD-88FC-4A95-9327-0D882280B9CE} = {4F9BA546-8755-4344-85FB-381436CD78DE}
		{DD15F784-567A-4EC0-9140-CABF75D6F6B9} = {6AD09095-13DE-4D03-9E05-38361FD3D139}
		{DEDB44FD-D4FE-45B2-BABC-65EA105CC628} = {6AD09095-13DE-4D03-9E05-38361FD3D139}
		{90C75BE9-E6B6-4500-908D-8EA18E18E97D} = {4F9BA546-8755-4344-85FB-381436CD78DE}
		{A5FCA683-CA5D-4F5B-1223-2D0908124C7C} = {6AD09095-13DE-4D03-9E05-38361FD3D139}
	EndGlobalSection
	GlobalSection(ExtensibilityGlobals) = postSolution
		SolutionGuid = {3705DD29-70CB-4153-BD3E-249CF09AB3D8}
	EndGlobalSection
EndGlobal
